{
  "requires": true,
  "lockfileVersion": 1,
  "dependencies": {
    "ksprashu-frame-print": {
      "version": "1.0.0",
      "resolved": "https://registry.npmjs.org/ksprashu-frame-print/-/ksprashu-frame-print-1.0.0.tgz",
      "integrity": "sha512-1RzMZdP1Aj6x5zLOl/LDx8e2o8Lt7shO3ZdW+6aDNo9t+oay7SXxE/emX82HrW3VYbMUrt25sIJCej9CI49vqQ=="
    }
  }
}
